PODS:
  - Alamofire (4.5.1)
  - Charts (3.1.1):
    - Charts/Core (= 3.1.1)
  - Charts/Core (3.1.1)
  - SwiftyDropbox (4.6.0):
    - Alamofire (~> 4.5.0)

DEPENDENCIES:
  - Charts
  - SwiftyDropbox

SPEC REPOS:
  https://github.com/cocoapods/specs.git:
    - Alamofire
    - Charts
    - SwiftyDropbox

SPEC CHECKSUMS:
  Alamofire: 2d95912bf4c34f164fdfc335872e8c312acaea4a
  Charts: 90a4d61da0f6e06684c591e3bcab11940fe61736
  SwiftyDropbox: 8af645e744de6f17b4e9fdeba21365b8dc55a542

PODFILE CHECKSUM: 647f87537b7e8b4adea8b63dab1d64e90dedad01

COCOAPODS: 1.5.3
