// !$*UTF8*$!
{
	archiveVersion = 1;
	classes = {
	};
	objectVersion = 50;
	objects = {

/* Begin PBXBuildFile section */
		0F0E1FFA2118ECA50007F10F /* AppDelegate.swift in Sources */ = {isa = PBXBuildFile; fileRef = 0F0E1FF92118ECA50007F10F /* AppDelegate.swift */; };
		0F0E1FFC2118ECA50007F10F /* ViewController.swift in Sources */ = {isa = PBXBuildFile; fileRef = 0F0E1FFB2118ECA50007F10F /* ViewController.swift */; };
		0F0E1FFF2118ECA50007F10F /* Main.storyboard in Resources */ = {isa = PBXBuildFile; fileRef = 0F0E1FFD2118ECA50007F10F /* Main.storyboard */; };
		0F0E20012118ECAA0007F10F /* Assets.xcassets in Resources */ = {isa = PBXBuildFile; fileRef = 0F0E20002118ECAA0007F10F /* Assets.xcassets */; };
		0F0E20042118ECAA0007F10F /* LaunchScreen.storyboard in Resources */ = {isa = PBXBuildFile; fileRef = 0F0E20022118ECAA0007F10F /* LaunchScreen.storyboard */; };
		0F0E20092118ECAA0007F10F /* respiratoryRate WatchKit App.app in Embed Watch Content */ = {isa = PBXBuildFile; fileRef = 0F0E20082118ECAA0007F10F /* respiratoryRate WatchKit App.app */; };
		0F0E200F2118ECAA0007F10F /* Interface.storyboard in Resources */ = {isa = PBXBuildFile; fileRef = 0F0E200D2118ECAA0007F10F /* Interface.storyboard */; };
		0F0E20112118ECAA0007F10F /* Assets.xcassets in Resources */ = {isa = PBXBuildFile; fileRef = 0F0E20102118ECAA0007F10F /* Assets.xcassets */; };
		0F0E20182118ECAB0007F10F /* respiratoryRate WatchKit Extension.appex in Embed App Extensions */ = {isa = PBXBuildFile; fileRef = 0F0E20172118ECAB0007F10F /* respiratoryRate WatchKit Extension.appex */; settings = {ATTRIBUTES = (RemoveHeadersOnCopy, ); }; };
		0F0E201D2118ECAB0007F10F /* InterfaceController.swift in Sources */ = {isa = PBXBuildFile; fileRef = 0F0E201C2118ECAB0007F10F /* InterfaceController.swift */; };
		0F0E201F2118ECAB0007F10F /* ExtensionDelegate.swift in Sources */ = {isa = PBXBuildFile; fileRef = 0F0E201E2118ECAB0007F10F /* ExtensionDelegate.swift */; };
		0F0E20212118ECAB0007F10F /* NotificationController.swift in Sources */ = {isa = PBXBuildFile; fileRef = 0F0E20202118ECAB0007F10F /* NotificationController.swift */; };
		0F0E20232118ECAB0007F10F /* Assets.xcassets in Resources */ = {isa = PBXBuildFile; fileRef = 0F0E20222118ECAB0007F10F /* Assets.xcassets */; };
		87B0CE08E1AB1BA1B1A11688 /* Pods_respiratoryRate_WatchKit_Extension.framework in Frameworks */ = {isa = PBXBuildFile; fileRef = A57F93DAB90D8FF6D5504678 /* Pods_respiratoryRate_WatchKit_Extension.framework */; };
		A15F994273C668DD2889875E /* Pods_respiratoryRate.framework in Frameworks */ = {isa = PBXBuildFile; fileRef = 406D248724781315ADE57FBB /* Pods_respiratoryRate.framework */; };
		A42109BDAB4DF8FDB583733C /* Pods_respiratoryRate_WatchKit_App.framework in Frameworks */ = {isa = PBXBuildFile; fileRef = 875EB36DE8C460617CB44345 /* Pods_respiratoryRate_WatchKit_App.framework */; };
/* End PBXBuildFile section */

/* Begin PBXContainerItemProxy section */
		0F0E200A2118ECAA0007F10F /* PBXContainerItemProxy */ = {
			isa = PBXContainerItemProxy;
			containerPortal = 0F0E1FEE2118ECA50007F10F /* Project object */;
			proxyType = 1;
			remoteGlobalIDString = 0F0E20072118ECAA0007F10F;
			remoteInfo = "respiratoryRate WatchKit App";
		};
		0F0E20192118ECAB0007F10F /* PBXContainerItemProxy */ = {
			isa = PBXContainerItemProxy;
			containerPortal = 0F0E1FEE2118ECA50007F10F /* Project object */;
			proxyType = 1;
			remoteGlobalIDString = 0F0E20162118ECAB0007F10F;
			remoteInfo = "respiratoryRate WatchKit Extension";
		};
/* End PBXContainerItemProxy section */

/* Begin PBXCopyFilesBuildPhase section */
		0F0E202B2118ECAB0007F10F /* Embed App Extensions */ = {
			isa = PBXCopyFilesBuildPhase;
			buildActionMask = 2147483647;
			dstPath = "";
			dstSubfolderSpec = 13;
			files = (
				0F0E20182118ECAB0007F10F /* respiratoryRate WatchKit Extension.appex in Embed App Extensions */,
			);
			name = "Embed App Extensions";
			runOnlyForDeploymentPostprocessing = 0;
		};
		0F0E202F2118ECAB0007F10F /* Embed Watch Content */ = {
			isa = PBXCopyFilesBuildPhase;
			buildActionMask = 2147483647;
			dstPath = "$(CONTENTS_FOLDER_PATH)/Watch";
			dstSubfolderSpec = 16;
			files = (
				0F0E20092118ECAA0007F10F /* respiratoryRate WatchKit App.app in Embed Watch Content */,
			);
			name = "Embed Watch Content";
			runOnlyForDeploymentPostprocessing = 0;
		};
/* End PBXCopyFilesBuildPhase section */

/* Begin PBXFileReference section */
		09A2DE85F417092BD4BD0BF0 /* Pods-respiratoryRate WatchKit App.release.xcconfig */ = {isa = PBXFileReference; includeInIndex = 1; lastKnownFileType = text.xcconfig; name = "Pods-respiratoryRate WatchKit App.release.xcconfig"; path = "Pods/Target Support Files/Pods-respiratoryRate WatchKit App/Pods-respiratoryRate WatchKit App.release.xcconfig"; sourceTree = "<group>"; };
		0F0E1FF62118ECA50007F10F /* respiratoryRate.app */ = {isa = PBXFileReference; explicitFileType = wrapper.application; includeInIndex = 0; path = respiratoryRate.app; sourceTree = BUILT_PRODUCTS_DIR; };
		0F0E1FF92118ECA50007F10F /* AppDelegate.swift */ = {isa = PBXFileReference; lastKnownFileType = sourcecode.swift; path = AppDelegate.swift; sourceTree = "<group>"; };
		0F0E1FFB2118ECA50007F10F /* ViewController.swift */ = {isa = PBXFileReference; lastKnownFileType = sourcecode.swift; path = ViewController.swift; sourceTree = "<group>"; };
		0F0E1FFE2118ECA50007F10F /* Base */ = {isa = PBXFileReference; lastKnownFileType = file.storyboard; name = Base; path = Base.lproj/Main.storyboard; sourceTree = "<group>"; };
		0F0E20002118ECAA0007F10F /* Assets.xcassets */ = {isa = PBXFileReference; lastKnownFileType = folder.assetcatalog; path = Assets.xcassets; sourceTree = "<group>"; };
		0F0E20032118ECAA0007F10F /* Base */ = {isa = PBXFileReference; lastKnownFileType = file.storyboard; name = Base; path = Base.lproj/LaunchScreen.storyboard; sourceTree = "<group>"; };
		0F0E20052118ECAA0007F10F /* Info.plist */ = {isa = PBXFileReference; lastKnownFileType = text.plist.xml; path = Info.plist; sourceTree = "<group>"; };
		0F0E20082118ECAA0007F10F /* respiratoryRate WatchKit App.app */ = {isa = PBXFileReference; explicitFileType = wrapper.application; includeInIndex = 0; path = "respiratoryRate WatchKit App.app"; sourceTree = BUILT_PRODUCTS_DIR; };
		0F0E200E2118ECAA0007F10F /* Base */ = {isa = PBXFileReference; lastKnownFileType = file.storyboard; name = Base; path = Base.lproj/Interface.storyboard; sourceTree = "<group>"; };
		0F0E20102118ECAA0007F10F /* Assets.xcassets */ = {isa = PBXFileReference; lastKnownFileType = folder.assetcatalog; path = Assets.xcassets; sourceTree = "<group>"; };
		0F0E20122118ECAA0007F10F /* Info.plist */ = {isa = PBXFileReference; lastKnownFileType = text.plist.xml; path = Info.plist; sourceTree = "<group>"; };
		0F0E20172118ECAB0007F10F /* respiratoryRate WatchKit Extension.appex */ = {isa = PBXFileReference; explicitFileType = "wrapper.app-extension"; includeInIndex = 0; path = "respiratoryRate WatchKit Extension.appex"; sourceTree = BUILT_PRODUCTS_DIR; };
		0F0E201C2118ECAB0007F10F /* InterfaceController.swift */ = {isa = PBXFileReference; lastKnownFileType = sourcecode.swift; path = InterfaceController.swift; sourceTree = "<group>"; };
		0F0E201E2118ECAB0007F10F /* ExtensionDelegate.swift */ = {isa = PBXFileReference; lastKnownFileType = sourcecode.swift; path = ExtensionDelegate.swift; sourceTree = "<group>"; };
		0F0E20202118ECAB0007F10F /* NotificationController.swift */ = {isa = PBXFileReference; lastKnownFileType = sourcecode.swift; path = NotificationController.swift; sourceTree = "<group>"; };
		0F0E20222118ECAB0007F10F /* Assets.xcassets */ = {isa = PBXFileReference; lastKnownFileType = folder.assetcatalog; path = Assets.xcassets; sourceTree = "<group>"; };
		0F0E20242118ECAB0007F10F /* Info.plist */ = {isa = PBXFileReference; lastKnownFileType = text.plist.xml; path = Info.plist; sourceTree = "<group>"; };
		0F0E20252118ECAB0007F10F /* PushNotificationPayload.apns */ = {isa = PBXFileReference; lastKnownFileType = text; path = PushNotificationPayload.apns; sourceTree = "<group>"; };
		406D248724781315ADE57FBB /* Pods_respiratoryRate.framework */ = {isa = PBXFileReference; explicitFileType = wrapper.framework; includeInIndex = 0; path = Pods_respiratoryRate.framework; sourceTree = BUILT_PRODUCTS_DIR; };
		50AA90B1BA478D47DF6E6DFE /* Pods-respiratoryRate.debug.xcconfig */ = {isa = PBXFileReference; includeInIndex = 1; lastKnownFileType = text.xcconfig; name = "Pods-respiratoryRate.debug.xcconfig"; path = "Pods/Target Support Files/Pods-respiratoryRate/Pods-respiratoryRate.debug.xcconfig"; sourceTree = "<group>"; };
		7553FD9540FCC611D7055CA8 /* Pods-respiratoryRate WatchKit Extension.release.xcconfig */ = {isa = PBXFileReference; includeInIndex = 1; lastKnownFileType = text.xcconfig; name = "Pods-respiratoryRate WatchKit Extension.release.xcconfig"; path = "Pods/Target Support Files/Pods-respiratoryRate WatchKit Extension/Pods-respiratoryRate WatchKit Extension.release.xcconfig"; sourceTree = "<group>"; };
		86412FD3D31F5AE7576CBE6A /* Pods-respiratoryRate WatchKit App.debug.xcconfig */ = {isa = PBXFileReference; includeInIndex = 1; lastKnownFileType = text.xcconfig; name = "Pods-respiratoryRate WatchKit App.debug.xcconfig"; path = "Pods/Target Support Files/Pods-respiratoryRate WatchKit App/Pods-respiratoryRate WatchKit App.debug.xcconfig"; sourceTree = "<group>"; };
		875EB36DE8C460617CB44345 /* Pods_respiratoryRate_WatchKit_App.framework */ = {isa = PBXFileReference; explicitFileType = wrapper.framework; includeInIndex = 0; path = Pods_respiratoryRate_WatchKit_App.framework; sourceTree = BUILT_PRODUCTS_DIR; };
		996D80F275E8DCEBDE71FE8D /* Pods-respiratoryRate WatchKit Extension.debug.xcconfig */ = {isa = PBXFileReference; includeInIndex = 1; lastKnownFileType = text.xcconfig; name = "Pods-respiratoryRate WatchKit Extension.debug.xcconfig"; path = "Pods/Target Support Files/Pods-respiratoryRate WatchKit Extension/Pods-respiratoryRate WatchKit Extension.debug.xcconfig"; sourceTree = "<group>"; };
		A53C767A4B3B048E5E538A3D /* Pods-respiratoryRate.release.xcconfig */ = {isa = PBXFileReference; includeInIndex = 1; lastKnownFileType = text.xcconfig; name = "Pods-respiratoryRate.release.xcconfig"; path = "Pods/Target Support Files/Pods-respiratoryRate/Pods-respiratoryRate.release.xcconfig"; sourceTree = "<group>"; };
		A57F93DAB90D8FF6D5504678 /* Pods_respiratoryRate_WatchKit_Extension.framework */ = {isa = PBXFileReference; explicitFileType = wrapper.framework; includeInIndex = 0; path = Pods_respiratoryRate_WatchKit_Extension.framework; sourceTree = BUILT_PRODUCTS_DIR; };
/* End PBXFileReference section */

/* Begin PBXFrameworksBuildPhase section */
		0F0E1FF32118ECA50007F10F /* Frameworks */ = {
			isa = PBXFrameworksBuildPhase;
			buildActionMask = 2147483647;
			files = (
				A15F994273C668DD2889875E /* Pods_respiratoryRate.framework in Frameworks */,
			);
			runOnlyForDeploymentPostprocessing = 0;
		};
		0F0E20142118ECAB0007F10F /* Frameworks */ = {
			isa = PBXFrameworksBuildPhase;
			buildActionMask = 2147483647;
			files = (
				87B0CE08E1AB1BA1B1A11688 /* Pods_respiratoryRate_WatchKit_Extension.framework in Frameworks */,
			);
			runOnlyForDeploymentPostprocessing = 0;
		};
		CAEA19442EC56DB3C4C5B823 /* Frameworks */ = {
			isa = PBXFrameworksBuildPhase;
			buildActionMask = 2147483647;
			files = (
				A42109BDAB4DF8FDB583733C /* Pods_respiratoryRate_WatchKit_App.framework in Frameworks */,
			);
			runOnlyForDeploymentPostprocessing = 0;
		};
/* End PBXFrameworksBuildPhase section */

/* Begin PBXGroup section */
		0F0E1FED2118ECA50007F10F = {
			isa = PBXGroup;
			children = (
				0F0E1FF82118ECA50007F10F /* respiratoryRate */,
				0F0E200C2118ECAA0007F10F /* respiratoryRate WatchKit App */,
				0F0E201B2118ECAB0007F10F /* respiratoryRate WatchKit Extension */,
				0F0E1FF72118ECA50007F10F /* Products */,
				BC31C2604B5457C67310CA6F /* Pods */,
				5E08957A8188319239F0D333 /* Frameworks */,
			);
			sourceTree = "<group>";
		};
		0F0E1FF72118ECA50007F10F /* Products */ = {
			isa = PBXGroup;
			children = (
				0F0E1FF62118ECA50007F10F /* respiratoryRate.app */,
				0F0E20082118ECAA0007F10F /* respiratoryRate WatchKit App.app */,
				0F0E20172118ECAB0007F10F /* respiratoryRate WatchKit Extension.appex */,
			);
			name = Products;
			sourceTree = "<group>";
		};
		0F0E1FF82118ECA50007F10F /* respiratoryRate */ = {
			isa = PBXGroup;
			children = (
				0F0E1FF92118ECA50007F10F /* AppDelegate.swift */,
				0F0E1FFB2118ECA50007F10F /* ViewController.swift */,
				0F0E1FFD2118ECA50007F10F /* Main.storyboard */,
				0F0E20002118ECAA0007F10F /* Assets.xcassets */,
				0F0E20022118ECAA0007F10F /* LaunchScreen.storyboard */,
				0F0E20052118ECAA0007F10F /* Info.plist */,
			);
			path = respiratoryRate;
			sourceTree = "<group>";
		};
		0F0E200C2118ECAA0007F10F /* respiratoryRate WatchKit App */ = {
			isa = PBXGroup;
			children = (
				0F0E200D2118ECAA0007F10F /* Interface.storyboard */,
				0F0E20102118ECAA0007F10F /* Assets.xcassets */,
				0F0E20122118ECAA0007F10F /* Info.plist */,
			);
			path = "respiratoryRate WatchKit App";
			sourceTree = "<group>";
		};
		0F0E201B2118ECAB0007F10F /* respiratoryRate WatchKit Extension */ = {
			isa = PBXGroup;
			children = (
				0F0E201C2118ECAB0007F10F /* InterfaceController.swift */,
				0F0E201E2118ECAB0007F10F /* ExtensionDelegate.swift */,
				0F0E20202118ECAB0007F10F /* NotificationController.swift */,
				0F0E20222118ECAB0007F10F /* Assets.xcassets */,
				0F0E20242118ECAB0007F10F /* Info.plist */,
				0F0E20252118ECAB0007F10F /* PushNotificationPayload.apns */,
			);
			path = "respiratoryRate WatchKit Extension";
			sourceTree = "<group>";
		};
		5E08957A8188319239F0D333 /* Frameworks */ = {
			isa = PBXGroup;
			children = (
				406D248724781315ADE57FBB /* Pods_respiratoryRate.framework */,
				875EB36DE8C460617CB44345 /* Pods_respiratoryRate_WatchKit_App.framework */,
				A57F93DAB90D8FF6D5504678 /* Pods_respiratoryRate_WatchKit_Extension.framework */,
			);
			name = Frameworks;
			sourceTree = "<group>";
		};
		BC31C2604B5457C67310CA6F /* Pods */ = {
			isa = PBXGroup;
			children = (
				50AA90B1BA478D47DF6E6DFE /* Pods-respiratoryRate.debug.xcconfig */,
				A53C767A4B3B048E5E538A3D /* Pods-respiratoryRate.release.xcconfig */,
				86412FD3D31F5AE7576CBE6A /* Pods-respiratoryRate WatchKit App.debug.xcconfig */,
				09A2DE85F417092BD4BD0BF0 /* Pods-respiratoryRate WatchKit App.release.xcconfig */,
				996D80F275E8DCEBDE71FE8D /* Pods-respiratoryRate WatchKit Extension.debug.xcconfig */,
				7553FD9540FCC611D7055CA8 /* Pods-respiratoryRate WatchKit Extension.release.xcconfig */,
			);
			name = Pods;
			sourceTree = "<group>";
		};
/* End PBXGroup section */

/* Begin PBXNativeTarget section */
		0F0E1FF52118ECA50007F10F /* respiratoryRate */ = {
			isa = PBXNativeTarget;
			buildConfigurationList = 0F0E20302118ECAB0007F10F /* Build configuration list for PBXNativeTarget "respiratoryRate" */;
			buildPhases = (
				EC381BE889154A9FBAF05C57 /* [CP] Check Pods Manifest.lock */,
				0F0E1FF22118ECA50007F10F /* Sources */,
				0F0E1FF32118ECA50007F10F /* Frameworks */,
				0F0E1FF42118ECA50007F10F /* Resources */,
				0F0E202F2118ECAB0007F10F /* Embed Watch Content */,
				2C6CA794220D44D5F41B4C43 /* [CP] Embed Pods Frameworks */,
			);
			buildRules = (
			);
			dependencies = (
				0F0E200B2118ECAA0007F10F /* PBXTargetDependency */,
			);
			name = respiratoryRate;
			productName = respiratoryRate;
			productReference = 0F0E1FF62118ECA50007F10F /* respiratoryRate.app */;
			productType = "com.apple.product-type.application";
		};
		0F0E20072118ECAA0007F10F /* respiratoryRate WatchKit App */ = {
			isa = PBXNativeTarget;
			buildConfigurationList = 0F0E202C2118ECAB0007F10F /* Build configuration list for PBXNativeTarget "respiratoryRate WatchKit App" */;
			buildPhases = (
				EE6B2AA950AADC0ADC2747A3 /* [CP] Check Pods Manifest.lock */,
				0F0E20062118ECAA0007F10F /* Resources */,
				0F0E202B2118ECAB0007F10F /* Embed App Extensions */,
				CAEA19442EC56DB3C4C5B823 /* Frameworks */,
			);
			buildRules = (
			);
			dependencies = (
				0F0E201A2118ECAB0007F10F /* PBXTargetDependency */,
			);
			name = "respiratoryRate WatchKit App";
			productName = "respiratoryRate WatchKit App";
			productReference = 0F0E20082118ECAA0007F10F /* respiratoryRate WatchKit App.app */;
			productType = "com.apple.product-type.application.watchapp2";
		};
		0F0E20162118ECAB0007F10F /* respiratoryRate WatchKit Extension */ = {
			isa = PBXNativeTarget;
			buildConfigurationList = 0F0E20282118ECAB0007F10F /* Build configuration list for PBXNativeTarget "respiratoryRate WatchKit Extension" */;
			buildPhases = (
				A1537FE2CF49B197CD22C4A4 /* [CP] Check Pods Manifest.lock */,
				0F0E20132118ECAB0007F10F /* Sources */,
				0F0E20142118ECAB0007F10F /* Frameworks */,
				0F0E20152118ECAB0007F10F /* Resources */,
			);
			buildRules = (
			);
			dependencies = (
			);
			name = "respiratoryRate WatchKit Extension";
			productName = "respiratoryRate WatchKit Extension";
			productReference = 0F0E20172118ECAB0007F10F /* respiratoryRate WatchKit Extension.appex */;
			productType = "com.apple.product-type.watchkit2-extension";
		};
/* End PBXNativeTarget section */

/* Begin PBXProject section */
		0F0E1FEE2118ECA50007F10F /* Project object */ = {
			isa = PBXProject;
			attributes = {
				LastSwiftUpdateCheck = 0940;
				LastUpgradeCheck = 0940;
				ORGANIZATIONNAME = "Leah Womelsdorf";
				TargetAttributes = {
					0F0E1FF52118ECA50007F10F = {
						CreatedOnToolsVersion = 9.4.1;
					};
					0F0E20072118ECAA0007F10F = {
						CreatedOnToolsVersion = 9.4.1;
					};
					0F0E20162118ECAB0007F10F = {
						CreatedOnToolsVersion = 9.4.1;
					};
				};
			};
			buildConfigurationList = 0F0E1FF12118ECA50007F10F /* Build configuration list for PBXProject "respiratoryRate" */;
			compatibilityVersion = "Xcode 9.3";
			developmentRegion = en;
			hasScannedForEncodings = 0;
			knownRegions = (
				en,
				Base,
			);
			mainGroup = 0F0E1FED2118ECA50007F10F;
			productRefGroup = 0F0E1FF72118ECA50007F10F /* Products */;
			projectDirPath = "";
			projectRoot = "";
			targets = (
				0F0E1FF52118ECA50007F10F /* respiratoryRate */,
				0F0E20072118ECAA0007F10F /* respiratoryRate WatchKit App */,
				0F0E20162118ECAB0007F10F /* respiratoryRate WatchKit Extension */,
			);
		};
/* End PBXProject section */

/* Begin PBXResourcesBuildPhase section */
		0F0E1FF42118ECA50007F10F /* Resources */ = {
			isa = PBXResourcesBuildPhase;
			buildActionMask = 2147483647;
			files = (
				0F0E20042118ECAA0007F10F /* LaunchScreen.storyboard in Resources */,
				0F0E20012118ECAA0007F10F /* Assets.xcassets in Resources */,
				0F0E1FFF2118ECA50007F10F /* Main.storyboard in Resources */,
			);
			runOnlyForDeploymentPostprocessing = 0;
		};
		0F0E20062118ECAA0007F10F /* Resources */ = {
			isa = PBXResourcesBuildPhase;
			buildActionMask = 2147483647;
			files = (
				0F0E20112118ECAA0007F10F /* Assets.xcassets in Resources */,
				0F0E200F2118ECAA0007F10F /* Interface.storyboard in Resources */,
			);
			runOnlyForDeploymentPostprocessing = 0;
		};
		0F0E20152118ECAB0007F10F /* Resources */ = {
			isa = PBXResourcesBuildPhase;
			buildActionMask = 2147483647;
			files = (
				0F0E20232118ECAB0007F10F /* Assets.xcassets in Resources */,
			);
			runOnlyForDeploymentPostprocessing = 0;
		};
/* End PBXResourcesBuildPhase section */

/* Begin PBXShellScriptBuildPhase section */
		2C6CA794220D44D5F41B4C43 /* [CP] Embed Pods Frameworks */ = {
			isa = PBXShellScriptBuildPhase;
			buildActionMask = 2147483647;
			files = (
			);
			inputPaths = (
				"${SRCROOT}/Pods/Target Support Files/Pods-respiratoryRate/Pods-respiratoryRate-frameworks.sh",
				"${BUILT_PRODUCTS_DIR}/Alamofire/Alamofire.framework",
				"${BUILT_PRODUCTS_DIR}/Charts/Charts.framework",
				"${BUILT_PRODUCTS_DIR}/SwiftyDropbox/SwiftyDropbox.framework",
			);
			name = "[CP] Embed Pods Frameworks";
			outputPaths = (
				"${TARGET_BUILD_DIR}/${FRAMEWORKS_FOLDER_PATH}/Alamofire.framework",
				"${TARGET_BUILD_DIR}/${FRAMEWORKS_FOLDER_PATH}/Charts.framework",
				"${TARGET_BUILD_DIR}/${FRAMEWORKS_FOLDER_PATH}/SwiftyDropbox.framework",
			);
			runOnlyForDeploymentPostprocessing = 0;
			shellPath = /bin/sh;
			shellScript = "\"${SRCROOT}/Pods/Target Support Files/Pods-respiratoryRate/Pods-respiratoryRate-frameworks.sh\"\n";
			showEnvVarsInLog = 0;
		};
		A1537FE2CF49B197CD22C4A4 /* [CP] Check Pods Manifest.lock */ = {
			isa = PBXShellScriptBuildPhase;
			buildActionMask = 2147483647;
			files = (
			);
			inputPaths = (
				"${PODS_PODFILE_DIR_PATH}/Podfile.lock",
				"${PODS_ROOT}/Manifest.lock",
			);
			name = "[CP] Check Pods Manifest.lock";
			outputPaths = (
				"$(DERIVED_FILE_DIR)/Pods-respiratoryRate WatchKit Extension-checkManifestLockResult.txt",
			);
			runOnlyForDeploymentPostprocessing = 0;
			shellPath = /bin/sh;
			shellScript = "diff \"${PODS_PODFILE_DIR_PATH}/Podfile.lock\" \"${PODS_ROOT}/Manifest.lock\" > /dev/null\nif [ $? != 0 ] ; then\n    # print error to STDERR\n    echo \"error: The sandbox is not in sync with the Podfile.lock. Run 'pod install' or update your CocoaPods installation.\" >&2\n    exit 1\nfi\n# This output is used by Xcode 'outputs' to avoid re-running this script phase.\necho \"SUCCESS\" > \"${SCRIPT_OUTPUT_FILE_0}\"\n";
			showEnvVarsInLog = 0;
		};
		EC381BE889154A9FBAF05C57 /* [CP] Check Pods Manifest.lock */ = {
			isa = PBXShellScriptBuildPhase;
			buildActionMask = 2147483647;
			files = (
			);
			inputPaths = (
				"${PODS_PODFILE_DIR_PATH}/Podfile.lock",
				"${PODS_ROOT}/Manifest.lock",
			);
			name = "[CP] Check Pods Manifest.lock";
			outputPaths = (
				"$(DERIVED_FILE_DIR)/Pods-respiratoryRate-checkManifestLockResult.txt",
			);
			runOnlyForDeploymentPostprocessing = 0;
			shellPath = /bin/sh;
			shellScript = "diff \"${PODS_PODFILE_DIR_PATH}/Podfile.lock\" \"${PODS_ROOT}/Manifest.lock\" > /dev/null\nif [ $? != 0 ] ; then\n    # print error to STDERR\n    echo \"error: The sandbox is not in sync with the Podfile.lock. Run 'pod install' or update your CocoaPods installation.\" >&2\n    exit 1\nfi\n# This output is used by Xcode 'outputs' to avoid re-running this script phase.\necho \"SUCCESS\" > \"${SCRIPT_OUTPUT_FILE_0}\"\n";
			showEnvVarsInLog = 0;
		};
		EE6B2AA950AADC0ADC2747A3 /* [CP] Check Pods Manifest.lock */ = {
			isa = PBXShellScriptBuildPhase;
			buildActionMask = 2147483647;
			files = (
			);
			inputPaths = (
				"${PODS_PODFILE_DIR_PATH}/Podfile.lock",
				"${PODS_ROOT}/Manifest.lock",
			);
			name = "[CP] Check Pods Manifest.lock";
			outputPaths = (
				"$(DERIVED_FILE_DIR)/Pods-respiratoryRate WatchKit App-checkManifestLockResult.txt",
			);
			runOnlyForDeploymentPostprocessing = 0;
			shellPath = /bin/sh;
			shellScript = "diff \"${PODS_PODFILE_DIR_PATH}/Podfile.lock\" \"${PODS_ROOT}/Manifest.lock\" > /dev/null\nif [ $? != 0 ] ; then\n    # print error to STDERR\n    echo \"error: The sandbox is not in sync with the Podfile.lock. Run 'pod install' or update your CocoaPods installation.\" >&2\n    exit 1\nfi\n# This output is used by Xcode 'outputs' to avoid re-running this script phase.\necho \"SUCCESS\" > \"${SCRIPT_OUTPUT_FILE_0}\"\n";
			showEnvVarsInLog = 0;
		};
/* End PBXShellScriptBuildPhase section */

/* Begin PBXSourcesBuildPhase section */
		0F0E1FF22118ECA50007F10F /* Sources */ = {
			isa = PBXSourcesBuildPhase;
			buildActionMask = 2147483647;
			files = (
				0F0E1FFC2118ECA50007F10F /* ViewController.swift in Sources */,
				0F0E1FFA2118ECA50007F10F /* AppDelegate.swift in Sources */,
			);
			runOnlyForDeploymentPostprocessing = 0;
		};
		0F0E20132118ECAB0007F10F /* Sources */ = {
			isa = PBXSourcesBuildPhase;
			buildActionMask = 2147483647;
			files = (
				0F0E20212118ECAB0007F10F /* NotificationController.swift in Sources */,
				0F0E201F2118ECAB0007F10F /* ExtensionDelegate.swift in Sources */,
				0F0E201D2118ECAB0007F10F /* InterfaceController.swift in Sources */,
			);
			runOnlyForDeploymentPostprocessing = 0;
		};
/* End PBXSourcesBuildPhase section */

/* Begin PBXTargetDependency section */
		0F0E200B2118ECAA0007F10F /* PBXTargetDependency */ = {
			isa = PBXTargetDependency;
			target = 0F0E20072118ECAA0007F10F /* respiratoryRate WatchKit App */;
			targetProxy = 0F0E200A2118ECAA0007F10F /* PBXContainerItemProxy */;
		};
		0F0E201A2118ECAB0007F10F /* PBXTargetDependency */ = {
			isa = PBXTargetDependency;
			target = 0F0E20162118ECAB0007F10F /* respiratoryRate WatchKit Extension */;
			targetProxy = 0F0E20192118ECAB0007F10F /* PBXContainerItemProxy */;
		};
/* End PBXTargetDependency section */

/* Begin PBXVariantGroup section */
		0F0E1FFD2118ECA50007F10F /* Main.storyboard */ = {
			isa = PBXVariantGroup;
			children = (
				0F0E1FFE2118ECA50007F10F /* Base */,
			);
			name = Main.storyboard;
			sourceTree = "<group>";
		};
		0F0E20022118ECAA0007F10F /* LaunchScreen.storyboard */ = {
			isa = PBXVariantGroup;
			children = (
				0F0E20032118ECAA0007F10F /* Base */,
			);
			name = LaunchScreen.storyboard;
			sourceTree = "<group>";
		};
		0F0E200D2118ECAA0007F10F /* Interface.storyboard */ = {
			isa = PBXVariantGroup;
			children = (
				0F0E200E2118ECAA0007F10F /* Base */,
			);
			name = Interface.storyboard;
			sourceTree = "<group>";
		};
/* End PBXVariantGroup section */

/* Begin XCBuildConfiguration section */
		0F0E20262118ECAB0007F10F /* Debug */ = {
			isa = XCBuildConfiguration;
			buildSettings = {
				ALWAYS_SEARCH_USER_PATHS = NO;
				CLANG_ANALYZER_NONNULL = YES;
				CLANG_ANALYZER_NUMBER_OBJECT_CONVERSION = YES_AGGRESSIVE;
				CLANG_CXX_LANGUAGE_STANDARD = "gnu++14";
				CLANG_CXX_LIBRARY = "libc++";
				CLANG_ENABLE_MODULES = YES;
				CLANG_ENABLE_OBJC_ARC = YES;
				CLANG_ENABLE_OBJC_WEAK = YES;
				CLANG_WARN_BLOCK_CAPTURE_AUTORELEASING = YES;
				CLANG_WARN_BOOL_CONVERSION = YES;
				CLANG_WARN_COMMA = YES;
				CLANG_WARN_CONSTANT_CONVERSION = YES;
				CLANG_WARN_DEPRECATED_OBJC_IMPLEMENTATIONS = YES;
				CLANG_WARN_DIRECT_OBJC_ISA_USAGE = YES_ERROR;
				CLANG_WARN_DOCUMENTATION_COMMENTS = YES;
				CLANG_WARN_EMPTY_BODY = YES;
				CLANG_WARN_ENUM_CONVERSION = YES;
				CLANG_WARN_INFINITE_RECURSION = YES;
				CLANG_WARN_INT_CONVERSION = YES;
				CLANG_WARN_NON_LITERAL_NULL_CONVERSION = YES;
				CLANG_WARN_OBJC_IMPLICIT_RETAIN_SELF = YES;
				CLANG_WARN_OBJC_LITERAL_CONVERSION = YES;
				CLANG_WARN_OBJC_ROOT_CLASS = YES_ERROR;
				CLANG_WARN_RANGE_LOOP_ANALYSIS = YES;
				CLANG_WARN_STRICT_PROTOTYPES = YES;
				CLANG_WARN_SUSPICIOUS_MOVE = YES;
				CLANG_WARN_UNGUARDED_AVAILABILITY = YES_AGGRESSIVE;
				CLANG_WARN_UNREACHABLE_CODE = YES;
				CLANG_WARN__DUPLICATE_METHOD_MATCH = YES;
				CODE_SIGN_IDENTITY = "iPhone Developer";
				COPY_PHASE_STRIP = NO;
				DEBUG_INFORMATION_FORMAT = dwarf;
				ENABLE_STRICT_OBJC_MSGSEND = YES;
				ENABLE_TESTABILITY = YES;
				GCC_C_LANGUAGE_STANDARD = gnu11;
				GCC_DYNAMIC_NO_PIC = NO;
				GCC_NO_COMMON_BLOCKS = YES;
				GCC_OPTIMIZATION_LEVEL = 0;
				GCC_PREPROCESSOR_DEFINITIONS = (
					"DEBUG=1",
					"$(inherited)",
				);
				GCC_WARN_64_TO_32_BIT_CONVERSION = YES;
				GCC_WARN_ABOUT_RETURN_TYPE = YES_ERROR;
				GCC_WARN_UNDECLARED_SELECTOR = YES;
				GCC_WARN_UNINITIALIZED_AUTOS = YES_AGGRESSIVE;
				GCC_WARN_UNUSED_FUNCTION = YES;
				GCC_WARN_UNUSED_VARIABLE = YES;
				IPHONEOS_DEPLOYMENT_TARGET = 11.4;
				MTL_ENABLE_DEBUG_INFO = YES;
				ONLY_ACTIVE_ARCH = YES;
				SDKROOT = iphoneos;
				SWIFT_ACTIVE_COMPILATION_CONDITIONS = DEBUG;
				SWIFT_OPTIMIZATION_LEVEL = "-Onone";
			};
			name = Debug;
		};
		0F0E20272118ECAB0007F10F /* Release */ = {
			isa = XCBuildConfiguration;
			buildSettings = {
				ALWAYS_SEARCH_USER_PATHS = NO;
				CLANG_ANALYZER_NONNULL = YES;
				CLANG_ANALYZER_NUMBER_OBJECT_CONVERSION = YES_AGGRESSIVE;
				CLANG_CXX_LANGUAGE_STANDARD = "gnu++14";
				CLANG_CXX_LIBRARY = "libc++";
				CLANG_ENABLE_MODULES = YES;
				CLANG_ENABLE_OBJC_ARC = YES;
				CLANG_ENABLE_OBJC_WEAK = YES;
				CLANG_WARN_BLOCK_CAPTURE_AUTORELEASING = YES;
				CLANG_WARN_BOOL_CONVERSION = YES;
				CLANG_WARN_COMMA = YES;
				CLANG_WARN_CONSTANT_CONVERSION = YES;
				CLANG_WARN_DEPRECATED_OBJC_IMPLEMENTATIONS = YES;
				CLANG_WARN_DIRECT_OBJC_ISA_USAGE = YES_ERROR;
				CLANG_WARN_DOCUMENTATION_COMMENTS = YES;
				CLANG_WARN_EMPTY_BODY = YES;
				CLANG_WARN_ENUM_CONVERSION = YES;
				CLANG_WARN_INFINITE_RECURSION = YES;
				CLANG_WARN_INT_CONVERSION = YES;
				CLANG_WARN_NON_LITERAL_NULL_CONVERSION = YES;
				CLANG_WARN_OBJC_IMPLICIT_RETAIN_SELF = YES;
				CLANG_WARN_OBJC_LITERAL_CONVERSION = YES;
				CLANG_WARN_OBJC_ROOT_CLASS = YES_ERROR;
				CLANG_WARN_RANGE_LOOP_ANALYSIS = YES;
				CLANG_WARN_STRICT_PROTOTYPES = YES;
				CLANG_WARN_SUSPICIOUS_MOVE = YES;
				CLANG_WARN_UNGUARDED_AVAILABILITY = YES_AGGRESSIVE;
				CLANG_WARN_UNREACHABLE_CODE = YES;
				CLANG_WARN__DUPLICATE_METHOD_MATCH = YES;
				CODE_SIGN_IDENTITY = "iPhone Developer";
				COPY_PHASE_STRIP = NO;
				DEBUG_INFORMATION_FORMAT = "dwarf-with-dsym";
				ENABLE_NS_ASSERTIONS = NO;
				ENABLE_STRICT_OBJC_MSGSEND = YES;
				GCC_C_LANGUAGE_STANDARD = gnu11;
				GCC_NO_COMMON_BLOCKS = YES;
				GCC_WARN_64_TO_32_BIT_CONVERSION = YES;
				GCC_WARN_ABOUT_RETURN_TYPE = YES_ERROR;
				GCC_WARN_UNDECLARED_SELECTOR = YES;
				GCC_WARN_UNINITIALIZED_AUTOS = YES_AGGRESSIVE;
				GCC_WARN_UNUSED_FUNCTION = YES;
				GCC_WARN_UNUSED_VARIABLE = YES;
				IPHONEOS_DEPLOYMENT_TARGET = 11.4;
				MTL_ENABLE_DEBUG_INFO = NO;
				SDKROOT = iphoneos;
				SWIFT_COMPILATION_MODE = wholemodule;
				SWIFT_OPTIMIZATION_LEVEL = "-O";
				VALIDATE_PRODUCT = YES;
			};
			name = Release;
		};
		0F0E20292118ECAB0007F10F /* Debug */ = {
			isa = XCBuildConfiguration;
			baseConfigurationReference = 996D80F275E8DCEBDE71FE8D /* Pods-respiratoryRate WatchKit Extension.debug.xcconfig */;
			buildSettings = {
				ASSETCATALOG_COMPILER_COMPLICATION_NAME = Complication;
				CODE_SIGN_STYLE = Automatic;
				DEVELOPMENT_TEAM = Z5K85C6MX6;
				INFOPLIST_FILE = "respiratoryRate WatchKit Extension/Info.plist";
				LD_RUNPATH_SEARCH_PATHS = (
					"$(inherited)",
					"@executable_path/Frameworks",
					"@executable_path/../../Frameworks",
				);
				PRODUCT_BUNDLE_IDENTIFIER = lwom.respiratoryRate.watchkitapp.watchkitextension;
				PRODUCT_NAME = "${TARGET_NAME}";
				SDKROOT = watchos;
				SKIP_INSTALL = YES;
				SWIFT_VERSION = 4.0;
				TARGETED_DEVICE_FAMILY = 4;
				WATCHOS_DEPLOYMENT_TARGET = 4.3;
			};
			name = Debug;
		};
		0F0E202A2118ECAB0007F10F /* Release */ = {
			isa = XCBuildConfiguration;
			baseConfigurationReference = 7553FD9540FCC611D7055CA8 /* Pods-respiratoryRate WatchKit Extension.release.xcconfig */;
			buildSettings = {
				ASSETCATALOG_COMPILER_COMPLICATION_NAME = Complication;
				CODE_SIGN_STYLE = Automatic;
				DEVELOPMENT_TEAM = Z5K85C6MX6;
				INFOPLIST_FILE = "respiratoryRate WatchKit Extension/Info.plist";
				LD_RUNPATH_SEARCH_PATHS = (
					"$(inherited)",
					"@executable_path/Frameworks",
					"@executable_path/../../Frameworks",
				);
				PRODUCT_BUNDLE_IDENTIFIER = lwom.respiratoryRate.watchkitapp.watchkitextension;
				PRODUCT_NAME = "${TARGET_NAME}";
				SDKROOT = watchos;
				SKIP_INSTALL = YES;
				SWIFT_VERSION = 4.0;
				TARGETED_DEVICE_FAMILY = 4;
				WATCHOS_DEPLOYMENT_TARGET = 4.3;
			};
			name = Release;
		};
		0F0E202D2118ECAB0007F10F /* Debug */ = {
			isa = XCBuildConfiguration;
			baseConfigurationReference = 86412FD3D31F5AE7576CBE6A /* Pods-respiratoryRate WatchKit App.debug.xcconfig */;
			buildSettings = {
				ALWAYS_EMBED_SWIFT_STANDARD_LIBRARIES = YES;
				ASSETCATALOG_COMPILER_APPICON_NAME = AppIcon;
				CODE_SIGN_STYLE = Automatic;
				DEVELOPMENT_TEAM = Z5K85C6MX6;
				IBSC_MODULE = respiratoryRate_WatchKit_Extension;
				INFOPLIST_FILE = "respiratoryRate WatchKit App/Info.plist";
				PRODUCT_BUNDLE_IDENTIFIER = lwom.respiratoryRate.watchkitapp;
				PRODUCT_NAME = "$(TARGET_NAME)";
				SDKROOT = watchos;
				SKIP_INSTALL = YES;
				SWIFT_VERSION = 4.0;
				TARGETED_DEVICE_FAMILY = 4;
				WATCHOS_DEPLOYMENT_TARGET = 4.3;
			};
			name = Debug;
		};
		0F0E202E2118ECAB0007F10F /* Release */ = {
			isa = XCBuildConfiguration;
			baseConfigurationReference = 09A2DE85F417092BD4BD0BF0 /* Pods-respiratoryRate WatchKit App.release.xcconfig */;
			buildSettings = {
				ALWAYS_EMBED_SWIFT_STANDARD_LIBRARIES = YES;
				ASSETCATALOG_COMPILER_APPICON_NAME = AppIcon;
				CODE_SIGN_STYLE = Automatic;
				DEVELOPMENT_TEAM = Z5K85C6MX6;
				IBSC_MODULE = respiratoryRate_WatchKit_Extension;
				INFOPLIST_FILE = "respiratoryRate WatchKit App/Info.plist";
				PRODUCT_BUNDLE_IDENTIFIER = lwom.respiratoryRate.watchkitapp;
				PRODUCT_NAME = "$(TARGET_NAME)";
				SDKROOT = watchos;
				SKIP_INSTALL = YES;
				SWIFT_VERSION = 4.0;
				TARGETED_DEVICE_FAMILY = 4;
				WATCHOS_DEPLOYMENT_TARGET = 4.3;
			};
			name = Release;
		};
		0F0E20312118ECAB0007F10F /* Debug */ = {
			isa = XCBuildConfiguration;
			baseConfigurationReference = 50AA90B1BA478D47DF6E6DFE /* Pods-respiratoryRate.debug.xcconfig */;
			buildSettings = {
				ASSETCATALOG_COMPILER_APPICON_NAME = AppIcon;
				CODE_SIGN_STYLE = Automatic;
				DEVELOPMENT_TEAM = Z5K85C6MX6;
				INFOPLIST_FILE = respiratoryRate/Info.plist;
				LD_RUNPATH_SEARCH_PATHS = (
					"$(inherited)",
					"@executable_path/Frameworks",
				);
				PRODUCT_BUNDLE_IDENTIFIER = lwom.respiratoryRate;
				PRODUCT_NAME = "$(TARGET_NAME)";
				SWIFT_VERSION = 4.0;
				TARGETED_DEVICE_FAMILY = "1,2";
			};
			name = Debug;
		};
		0F0E20322118ECAB0007F10F /* Release */ = {
			isa = XCBuildConfiguration;
			baseConfigurationReference = A53C767A4B3B048E5E538A3D /* Pods-respiratoryRate.release.xcconfig */;
			buildSettings = {
				ASSETCATALOG_COMPILER_APPICON_NAME = AppIcon;
				CODE_SIGN_STYLE = Automatic;
				DEVELOPMENT_TEAM = Z5K85C6MX6;
				INFOPLIST_FILE = respiratoryRate/Info.plist;
				LD_RUNPATH_SEARCH_PATHS = (
					"$(inherited)",
					"@executable_path/Frameworks",
				);
				PRODUCT_BUNDLE_IDENTIFIER = lwom.respiratoryRate;
				PRODUCT_NAME = "$(TARGET_NAME)";
				SWIFT_VERSION = 4.0;
				TARGETED_DEVICE_FAMILY = "1,2";
			};
			name = Release;
		};
/* End XCBuildConfiguration section */

/* Begin XCConfigurationList section */
		0F0E1FF12118ECA50007F10F /* Build configuration list for PBXProject "respiratoryRate" */ = {
			isa = XCConfigurationList;
			buildConfigurations = (
				0F0E20262118ECAB0007F10F /* Debug */,
				0F0E20272118ECAB0007F10F /* Release */,
			);
			defaultConfigurationIsVisible = 0;
			defaultConfigurationName = Release;
		};
		0F0E20282118ECAB0007F10F /* Build configuration list for PBXNativeTarget "respiratoryRate WatchKit Extension" */ = {
			isa = XCConfigurationList;
			buildConfigurations = (
				0F0E20292118ECAB0007F10F /* Debug */,
				0F0E202A2118ECAB0007F10F /* Release */,
			);
			defaultConfigurationIsVisible = 0;
			defaultConfigurationName = Release;
		};
		0F0E202C2118ECAB0007F10F /* Build configuration list for PBXNativeTarget "respiratoryRate WatchKit App" */ = {
			isa = XCConfigurationList;
			buildConfigurations = (
				0F0E202D2118ECAB0007F10F /* Debug */,
				0F0E202E2118ECAB0007F10F /* Release */,
			);
			defaultConfigurationIsVisible = 0;
			defaultConfigurationName = Release;
		};
		0F0E20302118ECAB0007F10F /* Build configuration list for PBXNativeTarget "respiratoryRate" */ = {
			isa = XCConfigurationList;
			buildConfigurations = (
				0F0E20312118ECAB0007F10F /* Debug */,
				0F0E20322118ECAB0007F10F /* Release */,
			);
			defaultConfigurationIsVisible = 0;
			defaultConfigurationName = Release;
		};
/* End XCConfigurationList section */
	};
	rootObject = 0F0E1FEE2118ECA50007F10F /* Project object */;
}
